// !$*UTF8*$!
{
	archiveVersion = 1;
	classes = {
	};
	objectVersion = 55;
	objects = {

/* Begin PBXBuildFile section */
		0E5C09970489115655833EEC /* Pods_GoogleSignSample.framework in Frameworks */ = {isa = PBXBuildFile; fileRef = 10171CDB72DF26BD299E67E3 /* Pods_GoogleSignSample.framework */; };
		75968A8729B8C21E00369176 /* AppDelegate.swift in Sources */ = {isa = PBXBuildFile; fileRef = 75968A8629B8C21E00369176 /* AppDelegate.swift */; };
		75968A8929B8C21E00369176 /* SceneDelegate.swift in Sources */ = {isa = PBXBuildFile; fileRef = 75968A8829B8C21E00369176 /* SceneDelegate.swift */; };
		75968A8B29B8C21E00369176 /* ViewController.swift in Sources */ = {isa = PBXBuildFile; fileRef = 75968A8A29B8C21E00369176 /* ViewController.swift */; };
		75968A8E29B8C21E00369176 /* Main.storyboard in Resources */ = {isa = PBXBuildFile; fileRef = 75968A8C29B8C21E00369176 /* Main.storyboard */; };
		75968A9029B8C22000369176 /* Assets.xcassets in Resources */ = {isa = PBXBuildFile; fileRef = 75968A8F29B8C22000369176 /* Assets.xcassets */; };
		75968A9329B8C22000369176 /* LaunchScreen.storyboard in Resources */ = {isa = PBXBuildFile; fileRef = 75968A9129B8C22000369176 /* LaunchScreen.storyboard */; };
/* End PBXBuildFile section */

/* Begin PBXFileReference section */
		10171CDB72DF26BD299E67E3 /* Pods_GoogleSignSample.framework */ = {isa = PBXFileReference; explicitFileType = wrapper.framework; includeInIndex = 0; path = Pods_GoogleSignSample.framework; sourceTree = BUILT_PRODUCTS_DIR; };
		59756FAFF3598C90E569D533 /* Pods-GoogleSignSample.release.xcconfig */ = {isa = PBXFileReference; includeInIndex = 1; lastKnownFileType = text.xcconfig; name = "Pods-GoogleSignSample.release.xcconfig"; path = "Target Support Files/Pods-GoogleSignSample/Pods-GoogleSignSample.release.xcconfig"; sourceTree = "<group>"; };
		75968A8329B8C21E00369176 /* GoogleSignSample.app */ = {isa = PBXFileReference; explicitFileType = wrapper.application; includeInIndex = 0; path = GoogleSignSample.app; sourceTree = BUILT_PRODUCTS_DIR; };
		75968A8629B8C21E00369176 /* AppDelegate.swift */ = {isa = PBXFileReference; lastKnownFileType = sourcecode.swift; path = AppDelegate.swift; sourceTree = "<group>"; };
		75968A8829B8C21E00369176 /* SceneDelegate.swift */ = {isa = PBXFileReference; lastKnownFileType = sourcecode.swift; path = SceneDelegate.swift; sourceTree = "<group>"; };
		75968A8A29B8C21E00369176 /* ViewController.swift */ = {isa = PBXFileReference; lastKnownFileType = sourcecode.swift; path = ViewController.swift; sourceTree = "<group>"; };
		75968A8D29B8C21E00369176 /* Base */ = {isa = PBXFileReference; lastKnownFileType = file.storyboard; name = Base; path = Base.lproj/Main.storyboard; sourceTree = "<group>"; };
		75968A8F29B8C22000369176 /* Assets.xcassets */ = {isa = PBXFileReference; lastKnownFileType = folder.assetcatalog; path = Assets.xcassets; sourceTree = "<group>"; };
		75968A9229B8C22000369176 /* Base */ = {isa = PBXFileReference; lastKnownFileType = file.storyboard; name = Base; path = Base.lproj/LaunchScreen.storyboard; sourceTree = "<group>"; };
		75968A9429B8C22000369176 /* Info.plist */ = {isa = PBXFileReference; lastKnownFileType = text.plist.xml; path = Info.plist; sourceTree = "<group>"; };
		7AD0A23466A30482252B9F64 /* Pods-GoogleSignSample.debug.xcconfig */ = {isa = PBXFileReference; includeInIndex = 1; lastKnownFileType = text.xcconfig; name = "Pods-GoogleSignSample.debug.xcconfig"; path = "Target Support Files/Pods-GoogleSignSample/Pods-GoogleSignSample.debug.xcconfig"; sourceTree = "<group>"; };
/* End PBXFileReference section */

/* Begin PBXFrameworksBuildPhase section */
		75968A8029B8C21D00369176 /* Frameworks */ = {
			isa = PBXFrameworksBuildPhase;
			buildActionMask = 2147483647;
			files = (
				0E5C09970489115655833EEC /* Pods_GoogleSignSample.framework in Frameworks */,
			);
			runOnlyForDeploymentPostprocessing = 0;
		};
/* End PBXFrameworksBuildPhase section */

/* Begin PBXGroup section */
		3423DD2463BF2BBEF6F59B50 /* Pods */ = {
			isa = PBXGroup;
			children = (
				7AD0A23466A30482252B9F64 /* Pods-GoogleSignSample.debug.xcconfig */,
				59756FAFF3598C90E569D533 /* Pods-GoogleSignSample.release.xcconfig */,
			);
			path = Pods;
			sourceTree = "<group>";
		};
		6EB48135FEEA8066DADB2287 /* Frameworks */ = {
			isa = PBXGroup;
			children = (
				10171CDB72DF26BD299E67E3 /* Pods_GoogleSignSample.framework */,
			);
			name = Frameworks;
			sourceTree = "<group>";
		};
		75968A7A29B8C21D00369176 = {
			isa = PBXGroup;
			children = (
				75968A8529B8C21E00369176 /* GoogleSignSample */,
				75968A8429B8C21E00369176 /* Products */,
				3423DD2463BF2BBEF6F59B50 /* Pods */,
				6EB48135FEEA8066DADB2287 /* Frameworks */,
			);
			sourceTree = "<group>";
		};
		75968A8429B8C21E00369176 /* Products */ = {
			isa = PBXGroup;
			children = (
				75968A8329B8C21E00369176 /* GoogleSignSample.app */,
			);
			name = Products;
			sourceTree = "<group>";
		};
		75968A8529B8C21E00369176 /* GoogleSignSample */ = {
			isa = PBXGroup;
			children = (
				75968A8629B8C21E00369176 /* AppDelegate.swift */,
				75968A8829B8C21E00369176 /* SceneDelegate.swift */,
				75968A8A29B8C21E00369176 /* ViewController.swift */,
				75968A8C29B8C21E00369176 /* Main.storyboard */,
				75968A8F29B8C22000369176 /* Assets.xcassets */,
				75968A9129B8C22000369176 /* LaunchScreen.storyboard */,
				75968A9429B8C22000369176 /* Info.plist */,
			);
			path = GoogleSignSample;
			sourceTree = "<group>";
		};
/* End PBXGroup section */

/* Begin PBXNativeTarget section */
		75968A8229B8C21D00369176 /* GoogleSignSample */ = {
			isa = PBXNativeTarget;
			buildConfigurationList = 75968A9729B8C22000369176 /* Build configuration list for PBXNativeTarget "GoogleSignSample" */;
			buildPhases = (
				F4DDBBA6ED86B8588570635F /* [CP] Check Pods Manifest.lock */,
				75968A7F29B8C21D00369176 /* Sources */,
				75968A8029B8C21D00369176 /* Frameworks */,
				75968A8129B8C21D00369176 /* Resources */,
				DB0989A4628CF033CAD50577 /* [CP] Embed Pods Frameworks */,
			);
			buildRules = (
			);
			dependencies = (
			);
			name = GoogleSignSample;
			productName = GoogleSignSample;
			productReference = 75968A8329B8C21E00369176 /* GoogleSignSample.app */;
			productType = "com.apple.product-type.application";
		};
/* End PBXNativeTarget section */

/* Begin PBXProject section */
		75968A7B29B8C21D00369176 /* Project object */ = {
			isa = PBXProject;
			attributes = {
				BuildIndependentTargetsInParallel = 1;
				LastSwiftUpdateCheck = 1340;
				LastUpgradeCheck = 1340;
				TargetAttributes = {
					75968A8229B8C21D00369176 = {
						CreatedOnToolsVersion = 13.4;
					};
				};
			};
			buildConfigurationList = 75968A7E29B8C21D00369176 /* Build configuration list for PBXProject "GoogleSignSample" */;
			compatibilityVersion = "Xcode 13.0";
			developmentRegion = en;
			hasScannedForEncodings = 0;
			knownRegions = (
				en,
				Base,
			);
			mainGroup = 75968A7A29B8C21D00369176;
			productRefGroup = 75968A8429B8C21E00369176 /* Products */;
			projectDirPath = "";
			projectRoot = "";
			targets = (
				75968A8229B8C21D00369176 /* GoogleSignSample */,
			);
		};
/* End PBXProject section */

/* Begin PBXResourcesBuildPhase section */
		75968A8129B8C21D00369176 /* Resources */ = {
			isa = PBXResourcesBuildPhase;
			buildActionMask = 2147483647;
			files = (
				75968A9329B8C22000369176 /* LaunchScreen.storyboard in Resources */,
				75968A9029B8C22000369176 /* Assets.xcassets in Resources */,
				75968A8E29B8C21E00369176 /* Main.storyboard in Resources */,
			);
			runOnlyForDeploymentPostprocessing = 0;
		};
/* End PBXResourcesBuildPhase section */

/* Begin PBXShellScriptBuildPhase section */
		DB0989A4628CF033CAD50577 /* [CP] Embed Pods Frameworks */ = {
			isa = PBXShellScriptBuildPhase;
			buildActionMask = 2147483647;
			files = (
			);
			inputFileListPaths = (
				"${PODS_ROOT}/Target Support Files/Pods-GoogleSignSample/Pods-GoogleSignSample-frameworks-${CONFIGURATION}-input-files.xcfilelist",
			);
			name = "[CP] Embed Pods Frameworks";
			outputFileListPaths = (
				"${PODS_ROOT}/Target Support Files/Pods-GoogleSignSample/Pods-GoogleSignSample-frameworks-${CONFIGURATION}-output-files.xcfilelist",
			);
			runOnlyForDeploymentPostprocessing = 0;
			shellPath = /bin/sh;
			shellScript = "\"${PODS_ROOT}/Target Support Files/Pods-GoogleSignSample/Pods-GoogleSignSample-frameworks.sh\"\n";
			showEnvVarsInLog = 0;
		};
		F4DDBBA6ED86B8588570635F /* [CP] Check Pods Manifest.lock */ = {
			isa = PBXShellScriptBuildPhase;
			buildActionMask = 2147483647;
			files = (
			);
			inputFileListPaths = (
			);
			inputPaths = (
				"${PODS_PODFILE_DIR_PATH}/Podfile.lock",
				"${PODS_ROOT}/Manifest.lock",
			);
			name = "[CP] Check Pods Manifest.lock";
			outputFileListPaths = (
			);
			outputPaths = (
				"$(DERIVED_FILE_DIR)/Pods-GoogleSignSample-checkManifestLockResult.txt",
			);
			runOnlyForDeploymentPostprocessing = 0;
			shellPath = /bin/sh;
			shellScript = "diff \"${PODS_PODFILE_DIR_PATH}/Podfile.lock\" \"${PODS_ROOT}/Manifest.lock\" > /dev/null\nif [ $? != 0 ] ; then\n    # print error to STDERR\n    echo \"error: The sandbox is not in sync with the Podfile.lock. Run 'pod install' or update your CocoaPods installation.\" >&2\n    exit 1\nfi\n# This output is used by Xcode 'outputs' to avoid re-running this script phase.\necho \"SUCCESS\" > \"${SCRIPT_OUTPUT_FILE_0}\"\n";
			showEnvVarsInLog = 0;
		};
/* End PBXShellScriptBuildPhase section */

/* Begin PBXSourcesBuildPhase section */
		75968A7F29B8C21D00369176 /* Sources */ = {
			isa = PBXSourcesBuildPhase;
			buildActionMask = 2147483647;
			files = (
				75968A8B29B8C21E00369176 /* ViewController.swift in Sources */,
				75968A8729B8C21E00369176 /* AppDelegate.swift in Sources */,
				75968A8929B8C21E00369176 /* SceneDelegate.swift in Sources */,
			);
			runOnlyForDeploymentPostprocessing = 0;
		};
/* End PBXSourcesBuildPhase section */

/* Begin PBXVariantGroup section */
		75968A8C29B8C21E00369176 /* Main.storyboard */ = {
			isa = PBXVariantGroup;
			children = (
				75968A8D29B8C21E00369176 /* Base */,
			);
			name = Main.storyboard;
			sourceTree = "<group>";
		};
		75968A9129B8C22000369176 /* LaunchScreen.storyboard */ = {
			isa = PBXVariantGroup;
			children = (
				75968A9229B8C22000369176 /* Base */,
			);
			name = LaunchScreen.storyboard;
			sourceTree = "<group>";
		};
/* End PBXVariantGroup section */

/* Begin XCBuildConfiguration section */
		75968A9529B8C22000369176 /* Debug */ = {
			isa = XCBuildConfiguration;
			buildSettings = {
				ALWAYS_SEARCH_USER_PATHS = NO;
				CLANG_ANALYZER_NONNULL = YES;
				CLANG_ANALYZER_NUMBER_OBJECT_CONVERSION = YES_AGGRESSIVE;
				CLANG_CXX_LANGUAGE_STANDARD = "gnu++17";
				CLANG_ENABLE_MODULES = YES;
				CLANG_ENABLE_OBJC_ARC = YES;
				CLANG_ENABLE_OBJC_WEAK = YES;
				CLANG_WARN_BLOCK_CAPTURE_AUTORELEASING = YES;
				CLANG_WARN_BOOL_CONVERSION = YES;
				CLANG_WARN_COMMA = YES;
				CLANG_WARN_CONSTANT_CONVERSION = YES;
				CLANG_WARN_DEPRECATED_OBJC_IMPLEMENTATIONS = YES;
				CLANG_WARN_DIRECT_OBJC_ISA_USAGE = YES_ERROR;
				CLANG_WARN_DOCUMENTATION_COMMENTS = YES;
				CLANG_WARN_EMPTY_BODY = YES;
				CLANG_WARN_ENUM_CONVERSION = YES;
				CLANG_WARN_INFINITE_RECURSION = YES;
				CLANG_WARN_INT_CONVERSION = YES;
				CLANG_WARN_NON_LITERAL_NULL_CONVERSION = YES;
				CLANG_WARN_OBJC_IMPLICIT_RETAIN_SELF = YES;
				CLANG_WARN_OBJC_LITERAL_CONVERSION = YES;
				CLANG_WARN_OBJC_ROOT_CLASS = YES_ERROR;
				CLANG_WARN_QUOTED_INCLUDE_IN_FRAMEWORK_HEADER = YES;
				CLANG_WARN_RANGE_LOOP_ANALYSIS = YES;
				CLANG_WARN_STRICT_PROTOTYPES = YES;
				CLANG_WARN_SUSPICIOUS_MOVE = YES;
				CLANG_WARN_UNGUARDED_AVAILABILITY = YES_AGGRESSIVE;
				CLANG_WARN_UNREACHABLE_CODE = YES;
				CLANG_WARN__DUPLICATE_METHOD_MATCH = YES;
				COPY_PHASE_STRIP = NO;
				DEBUG_INFORMATION_FORMAT = dwarf;
				ENABLE_STRICT_OBJC_MSGSEND = YES;
				ENABLE_TESTABILITY = YES;
				GCC_C_LANGUAGE_STANDARD = gnu11;
				GCC_DYNAMIC_NO_PIC = NO;
				GCC_NO_COMMON_BLOCKS = YES;
				GCC_OPTIMIZATION_LEVEL = 0;
				GCC_PREPROCESSOR_DEFINITIONS = (
					"DEBUG=1",
					"$(inherited)",
				);
				GCC_WARN_64_TO_32_BIT_CONVERSION = YES;
				GCC_WARN_ABOUT_RETURN_TYPE = YES_ERROR;
				GCC_WARN_UNDECLARED_SELECTOR = YES;
				GCC_WARN_UNINITIALIZED_AUTOS = YES_AGGRESSIVE;
				GCC_WARN_UNUSED_FUNCTION = YES;
				GCC_WARN_UNUSED_VARIABLE = YES;
				IPHONEOS_DEPLOYMENT_TARGET = 15.5;
				MTL_ENABLE_DEBUG_INFO = INCLUDE_SOURCE;
				MTL_FAST_MATH = YES;
				ONLY_ACTIVE_ARCH = YES;
				SDKROOT = iphoneos;
				SWIFT_ACTIVE_COMPILATION_CONDITIONS = DEBUG;
				SWIFT_OPTIMIZATION_LEVEL = "-Onone";
			};
			name = Debug;
		};
		75968A9629B8C22000369176 /* Release */ = {
			isa = XCBuildConfiguration;
			buildSettings = {
				ALWAYS_SEARCH_USER_PATHS = NO;
				CLANG_ANALYZER_NONNULL = YES;
				CLANG_ANALYZER_NUMBER_OBJECT_CONVERSION = YES_AGGRESSIVE;
				CLANG_CXX_LANGUAGE_STANDARD = "gnu++17";
				CLANG_ENABLE_MODULES = YES;
				CLANG_ENABLE_OBJC_ARC = YES;
				CLANG_ENABLE_OBJC_WEAK = YES;
				CLANG_WARN_BLOCK_CAPTURE_AUTORELEASING = YES;
				CLANG_WARN_BOOL_CONVERSION = YES;
				CLANG_WARN_COMMA = YES;
				CLANG_WARN_CONSTANT_CONVERSION = YES;
				CLANG_WARN_DEPRECATED_OBJC_IMPLEMENTATIONS = YES;
				CLANG_WARN_DIRECT_OBJC_ISA_USAGE = YES_ERROR;
				CLANG_WARN_DOCUMENTATION_COMMENTS = YES;
				CLANG_WARN_EMPTY_BODY = YES;
				CLANG_WARN_ENUM_CONVERSION = YES;
				CLANG_WARN_INFINITE_RECURSION = YES;
				CLANG_WARN_INT_CONVERSION = YES;
				CLANG_WARN_NON_LITERAL_NULL_CONVERSION = YES;
				CLANG_WARN_OBJC_IMPLICIT_RETAIN_SELF = YES;
				CLANG_WARN_OBJC_LITERAL_CONVERSION = YES;
				CLANG_WARN_OBJC_ROOT_CLASS = YES_ERROR;
				CLANG_WARN_QUOTED_INCLUDE_IN_FRAMEWORK_HEADER = YES;
				CLANG_WARN_RANGE_LOOP_ANALYSIS = YES;
				CLANG_WARN_STRICT_PROTOTYPES = YES;
				CLANG_WARN_SUSPICIOUS_MOVE = YES;
				CLANG_WARN_UNGUARDED_AVAILABILITY = YES_AGGRESSIVE;
				CLANG_WARN_UNREACHABLE_CODE = YES;
				CLANG_WARN__DUPLICATE_METHOD_MATCH = YES;
				COPY_PHASE_STRIP = NO;
				DEBUG_INFORMATION_FORMAT = "dwarf-with-dsym";
				ENABLE_NS_ASSERTIONS = NO;
				ENABLE_STRICT_OBJC_MSGSEND = YES;
				GCC_C_LANGUAGE_STANDARD = gnu11;
				GCC_NO_COMMON_BLOCKS = YES;
				GCC_WARN_64_TO_32_BIT_CONVERSION = YES;
				GCC_WARN_ABOUT_RETURN_TYPE = YES_ERROR;
				GCC_WARN_UNDECLARED_SELECTOR = YES;
				GCC_WARN_UNINITIALIZED_AUTOS = YES_AGGRESSIVE;
				GCC_WARN_UNUSED_FUNCTION = YES;
				GCC_WARN_UNUSED_VARIABLE = YES;
				IPHONEOS_DEPLOYMENT_TARGET = 15.5;
				MTL_ENABLE_DEBUG_INFO = NO;
				MTL_FAST_MATH = YES;
				SDKROOT = iphoneos;
				SWIFT_COMPILATION_MODE = wholemodule;
				SWIFT_OPTIMIZATION_LEVEL = "-O";
				VALIDATE_PRODUCT = YES;
			};
			name = Release;
		};
		75968A9829B8C22000369176 /* Debug */ = {
			isa = XCBuildConfiguration;
			baseConfigurationReference = 7AD0A23466A30482252B9F64 /* Pods-GoogleSignSample.debug.xcconfig */;
			buildSettings = {
				ASSETCATALOG_COMPILER_APPICON_NAME = AppIcon;
				ASSETCATALOG_COMPILER_GLOBAL_ACCENT_COLOR_NAME = AccentColor;
				CODE_SIGN_STYLE = Automatic;
				CURRENT_PROJECT_VERSION = 1;
				GENERATE_INFOPLIST_FILE = YES;
				INFOPLIST_FILE = GoogleSignSample/Info.plist;
				INFOPLIST_KEY_UIApplicationSupportsIndirectInputEvents = YES;
				INFOPLIST_KEY_UILaunchStoryboardName = LaunchScreen;
				INFOPLIST_KEY_UIMainStoryboardFile = Main;
				INFOPLIST_KEY_UISupportedInterfaceOrientations_iPad = "UIInterfaceOrientationPortrait UIInterfaceOrientationPortraitUpsideDown UIInterfaceOrientationLandscapeLeft UIInterfaceOrientationLandscapeRight";
				INFOPLIST_KEY_UISupportedInterfaceOrientations_iPhone = "UIInterfaceOrientationPortrait UIInterfaceOrientationLandscapeLeft UIInterfaceOrientationLandscapeRight";
				IPHONEOS_DEPLOYMENT_TARGET = 14.0;
				LD_RUNPATH_SEARCH_PATHS = (
					"$(inherited)",
					"@executable_path/Frameworks",
				);
				MARKETING_VERSION = 1.0;
				PRODUCT_BUNDLE_IDENTIFIER = com.app.testksk;
				PRODUCT_NAME = "$(TARGET_NAME)";
				SWIFT_EMIT_LOC_STRINGS = YES;
				SWIFT_VERSION = 5.0;
				TARGETED_DEVICE_FAMILY = "1,2";
			};
			name = Debug;
		};
		75968A9929B8C22000369176 /* Release */ = {
			isa = XCBuildConfiguration;
			baseConfigurationReference = 59756FAFF3598C90E569D533 /* Pods-GoogleSignSample.release.xcconfig */;
			buildSettings = {
				ASSETCATALOG_COMPILER_APPICON_NAME = AppIcon;
				ASSETCATALOG_COMPILER_GLOBAL_ACCENT_COLOR_NAME = AccentColor;
				CODE_SIGN_STYLE = Automatic;
				CURRENT_PROJECT_VERSION = 1;
				GENERATE_INFOPLIST_FILE = YES;
				INFOPLIST_FILE = GoogleSignSample/Info.plist;
				INFOPLIST_KEY_UIApplicationSupportsIndirectInputEvents = YES;
				INFOPLIST_KEY_UILaunchStoryboardName = LaunchScreen;
				INFOPLIST_KEY_UIMainStoryboardFile = Main;
				INFOPLIST_KEY_UISupportedInterfaceOrientations_iPad = "UIInterfaceOrientationPortrait UIInterfaceOrientationPortraitUpsideDown UIInterfaceOrientationLandscapeLeft UIInterfaceOrientationLandscapeRight";
				INFOPLIST_KEY_UISupportedInterfaceOrientations_iPhone = "UIInterfaceOrientationPortrait UIInterfaceOrientationLandscapeLeft UIInterfaceOrientationLandscapeRight";
				IPHONEOS_DEPLOYMENT_TARGET = 14.0;
				LD_RUNPATH_SEARCH_PATHS = (
					"$(inherited)",
					"@executable_path/Frameworks",
				);
				MARKETING_VERSION = 1.0;
				PRODUCT_BUNDLE_IDENTIFIER = com.app.testksk;
				PRODUCT_NAME = "$(TARGET_NAME)";
				SWIFT_EMIT_LOC_STRINGS = YES;
				SWIFT_VERSION = 5.0;
				TARGETED_DEVICE_FAMILY = "1,2";
			};
			name = Release;
		};
/* End XCBuildConfiguration section */

/* Begin XCConfigurationList section */
		75968A7E29B8C21D00369176 /* Build configuration list for PBXProject "GoogleSignSample" */ = {
			isa = XCConfigurationList;
			buildConfigurations = (
				75968A9529B8C22000369176 /* Debug */,
				75968A9629B8C22000369176 /* Release */,
			);
			defaultConfigurationIsVisible = 0;
			defaultConfigurationName = Release;
		};
		75968A9729B8C22000369176 /* Build configuration list for PBXNativeTarget "GoogleSignSample" */ = {
			isa = XCConfigurationList;
			buildConfigurations = (
				75968A9829B8C22000369176 /* Debug */,
				75968A9929B8C22000369176 /* Release */,
			);
			defaultConfigurationIsVisible = 0;
			defaultConfigurationName = Release;
		};
/* End XCConfigurationList section */
	};
	rootObject = 75968A7B29B8C21D00369176 /* Project object */;
}
